---
lockfileVersion: '9.0'

importers:

  .:
    configDependencies: {}
    packageManagerDependencies:
      '@pnpm/exe':
        specifier: 11.9.0
        version: 11.9.0
      pnpm:
        specifier: 11.9.0
        version: 11.9.0

packages:

  '@pnpm/exe@11.9.0':
    resolution: {integrity: sha512-pPPOpR79qW3nsNhlyDIdfstli4Bi78mk8r22ySxpFRwMbO8KXSjGrVzGmJBsVX39NnJTh7/WADj527nZhG9H9g==}
    hasBin: true

  '@pnpm/linux-arm64@11.9.0':
    resolution: {integrity: sha512-XYmY2qadHauBA3QaHi2R7fI6kt5Flje0WHz9MVrbH0kVH/XLpfOLnwPeE1+EX6K/nDa2CBvzp35VjYCNGFJa9A==}
    cpu: [arm64]
    os: [linux]

  '@pnpm/linux-x64@11.9.0':
    resolution: {integrity: sha512-fl7W5imnSmmgXIqMQFZ/rPaVvk9OkKF8/anqHZE3XEDfWcn3BlWGndyOEas/JN7u2BXWYjs63DJZ3rnG6WOhLA==}
    cpu: [x64]
    os: [linux]

  '@pnpm/linuxstatic-arm64@11.9.0':
    resolution: {integrity: sha512-fif8xbnzVEAIlvaU4yIgWKXeXYb4Kj6WMEl/KvM2x1Rp3AKAjBW/53SGzxO4cZP9doAqUzOIpMRGFVbHGeMDRw==}
    cpu: [arm64]
    os: [linux]
    libc: [musl]

  '@pnpm/macos-arm64@11.9.0':
    resolution: {integrity: sha512-MWzBTgeI5p3odjdVltYvFXaSWAjF2Xk5YaxiP/u2RmW8N6PHsLyIyj37Ds992CrXgFM8fO1RpvsEirozhsD6KA==}
    cpu: [arm64]
    os: [darwin]

  '@pnpm/win-arm64@11.9.0':
    resolution: {integrity: sha512-u/QxEcbKJZxC1t3zUYCZiHzu7TaZ/iXc6EGZoQjkeVT0LXmEVR6ypcK3ByjhIqbxQ3HGX75gnpIpR+VjRjubfw==}
    cpu: [arm64]
    os: [win32]

  '@pnpm/win-x64@11.9.0':
    resolution: {integrity: sha512-HqJVHmZG5UKfLi38AjMl2azVmq87TlWRhwSW+f4q9LLaZeAkFyIZ7LY/pN6mh4VlH9yWj90C+tsb1yKiy7OKnw==}
    cpu: [x64]
    os: [win32]

  '@reflink/reflink-darwin-arm64@0.1.19':
    resolution: {integrity: sha512-ruy44Lpepdk1FqDz38vExBY/PVUsjxZA+chd9wozjUH9JjuDT/HEaQYA6wYN9mf041l0yLVar6BCZuWABJvHSA==}
    engines: {node: '>= 10'}
    cpu: [arm64]
    os: [darwin]

  '@reflink/reflink-darwin-x64@0.1.19':
    resolution: {integrity: sha512-By85MSWrMZa+c26TcnAy8SDk0sTUkYlNnwknSchkhHpGXOtjNDUOxJE9oByBnGbeuIE1PiQsxDG3Ud+IVV9yuA==}
    engines: {node: '>= 10'}
    cpu: [x64]
    os: [darwin]

  '@reflink/reflink-linux-arm64-gnu@0.1.19':
    resolution: {integrity: sha512-7P+er8+rP9iNeN+bfmccM4hTAaLP6PQJPKWSA4iSk2bNvo6KU6RyPgYeHxXmzNKzPVRcypZQTpFgstHam6maVg==}
    engines: {node: '>= 10'}
    cpu: [arm64]
    os: [linux]
    libc: [glibc]

  '@reflink/reflink-linux-arm64-musl@0.1.19':
    resolution: {integrity: sha512-37iO/Dp6m5DDaC2sf3zPtx/hl9FV3Xze4xoYidrxxS9bgP3S8ALroxRK6xBG/1TtfXKTvolvp+IjrUU6ujIGmA==}
    engines: {node: '>= 10'}
    cpu: [arm64]
    os: [linux]
    libc: [musl]

  '@reflink/reflink-linux-x64-gnu@0.1.19':
    resolution: {integrity: sha512-jbI8jvuYCaA3MVUdu8vLoLAFqC+iNMpiSuLbxlAgg7x3K5bsS8nOpTRnkLF7vISJ+rVR8W+7ThXlXlUQ93ulkw==}
    engines: {node: '>= 10'}
    cpu: [x64]
    os: [linux]
    libc: [glibc]

  '@reflink/reflink-linux-x64-musl@0.1.19':
    resolution: {integrity: sha512-e9FBWDe+lv7QKAwtKOt6A2W/fyy/aEEfr0g6j/hWzvQcrzHCsz07BNQYlNOjTfeytrtLU7k449H1PI95jA4OjQ==}
    engines: {node: '>= 10'}
    cpu: [x64]
    os: [linux]
    libc: [musl]

  '@reflink/reflink-win32-arm64-msvc@0.1.19':
    resolution: {integrity: sha512-09PxnVIQcd+UOn4WAW73WU6PXL7DwGS6wPlkMhMg2zlHHG65F3vHepOw06HFCq+N42qkaNAc8AKIabWvtk6cIQ==}
    engines: {node: '>= 10'}
    cpu: [arm64]
    os: [win32]

  '@reflink/reflink-win32-x64-msvc@0.1.19':
    resolution: {integrity: sha512-E//yT4ni2SyhwP8JRjVGWr3cbnhWDiPLgnQ66qqaanjjnMiu3O/2tjCPQXlcGc/DEYofpDc9fvhv6tALQsMV9w==}
    engines: {node: '>= 10'}
    cpu: [x64]
    os: [win32]

  '@reflink/reflink@0.1.19':
    resolution: {integrity: sha512-DmCG8GzysnCZ15bres3N5AHCmwBwYgp0As6xjhQ47rAUTUXxJiK+lLUxaGsX3hd/30qUpVElh05PbGuxRPgJwA==}
    engines: {node: '>= 10'}

  detect-libc@2.1.2:
    resolution: {integrity: sha512-Btj2BOOO83o3WyH59e8MgXsxEQVcarkUOpEYrubB0urwnN10yQ364rsiByU11nZlqWYZm05i/of7io4mzihBtQ==}
    engines: {node: '>=8'}

  pnpm@11.9.0:
    resolution: {integrity: sha512-vWgtXQP+Ul73yf1ngMaITR51asTJyf4AxTh4KCQxDc+Q493E9Tg18G3669UIXkGFXgvLs7YN4qxburieUDbwOw==}
    engines: {node: '>=22.13'}
    hasBin: true

snapshots:

  '@pnpm/exe@11.9.0':
    dependencies:
      '@reflink/reflink': 0.1.19
      detect-libc: 2.1.2
    optionalDependencies:
      '@pnpm/linux-arm64': 11.9.0
      '@pnpm/linux-x64': 11.9.0
      '@pnpm/linuxstatic-arm64': 11.9.0
      '@pnpm/macos-arm64': 11.9.0
      '@pnpm/win-arm64': 11.9.0
      '@pnpm/win-x64': 11.9.0

  '@pnpm/linux-arm64@11.9.0':
    optional: true

  '@pnpm/linux-x64@11.9.0':
    optional: true

  '@pnpm/linuxstatic-arm64@11.9.0':
    optional: true

  '@pnpm/macos-arm64@11.9.0':
    optional: true

  '@pnpm/win-arm64@11.9.0':
    optional: true

  '@pnpm/win-x64@11.9.0':
    optional: true

  '@reflink/reflink-darwin-arm64@0.1.19':
    optional: true

  '@reflink/reflink-darwin-x64@0.1.19':
    optional: true

  '@reflink/reflink-linux-arm64-gnu@0.1.19':
    optional: true

  '@reflink/reflink-linux-arm64-musl@0.1.19':
    optional: true

  '@reflink/reflink-linux-x64-gnu@0.1.19':
    optional: true

  '@reflink/reflink-linux-x64-musl@0.1.19':
    optional: true

  '@reflink/reflink-win32-arm64-msvc@0.1.19':
    optional: true

  '@reflink/reflink-win32-x64-msvc@0.1.19':
    optional: true

  '@reflink/reflink@0.1.19':
    optionalDependencies:
      '@reflink/reflink-darwin-arm64': 0.1.19
      '@reflink/reflink-darwin-x64': 0.1.19
      '@reflink/reflink-linux-arm64-gnu': 0.1.19
      '@reflink/reflink-linux-arm64-musl': 0.1.19
      '@reflink/reflink-linux-x64-gnu': 0.1.19
      '@reflink/reflink-linux-x64-musl': 0.1.19
      '@reflink/reflink-win32-arm64-msvc': 0.1.19
      '@reflink/reflink-win32-x64-msvc': 0.1.19

  detect-libc@2.1.2: {}

  pnpm@11.9.0: {}

---
lockfileVersion: '9.0'

settings:
  autoInstallPeers: true
  excludeLinksFromLockfile: false

importers:

  .:
    dependencies:
      postcss-mixins:
        specifier: ^12.1.2
        version: 12.1.2(postcss@8.5.15)
      postcss-nested:
        specifier: ^7.0.2
        version: 7.0.2(postcss@8.5.15)
    devDependencies:
      postcss:
        specifier: ^8.5.15
        version: 8.5.15
      typescript:
        specifier: ^6.0.3
        version: 6.0.3

packages:

  camelcase-css@2.0.1:
    resolution: {integrity: sha512-QOSvevhslijgYwRx6Rv7zKdMF8lbRmx+uQGx2+vDc+KI/eBnsy9kit5aj23AgGu3pa4t9AgwbnXWqS+iOY+2aA==}
    engines: {node: '>= 6'}

  cssesc@3.0.0:
    resolution: {integrity: sha512-/Tb/JcjK111nNScGob5MNtsntNM1aCNUDipB/TkwZFhyDrrE47SOx/18wF2bbjgc3ZzCSKW1T5nt5EbFoAz/Vg==}
    engines: {node: '>=4'}
    hasBin: true

  fdir@6.5.0:
    resolution: {integrity: sha512-tIbYtZbucOs0BRGqPJkshJUYdL+SDH7dVM8gjy+ERp3WAUjLEFJE+02kanyHtwjWOnwrKYBiwAmM0p4kLJAnXg==}
    engines: {node: '>=12.0.0'}
    peerDependencies:
      picomatch: ^3 || ^4
    peerDependenciesMeta:
      picomatch:
        optional: true

  nanoid@3.3.15:
    resolution: {integrity: sha512-y7Wygv/7mEOvxTuEQDB8StXdMRBWf1kR/tlhAzBRUFkB2jfcLOAxO/SHmOO2zgz1pVgK29/kyupn059/bCHdjA==}
    engines: {node: ^10 || ^12 || ^13.7 || ^14 || >=15.0.1}
    hasBin: true

  picocolors@1.1.1:
    resolution: {integrity: sha512-xceH2snhtb5M9liqDsmEw56le376mTZkEX/jEb/RxNFyegNul7eNslCXP9FDj/Lcu0X8KEyMceP2ntpaHrDEVA==}

  picomatch@4.0.4:
    resolution: {integrity: sha512-QP88BAKvMam/3NxH6vj2o21R6MjxZUAd6nlwAS/pnGvN9IVLocLHxGYIzFhg6fUQ+5th6P4dv4eW9jX3DSIj7A==}
    engines: {node: '>=12'}

  postcss-js@4.0.1:
    resolution: {integrity: sha512-dDLF8pEO191hJMtlHFPRa8xsizHaM82MLfNkUHdUtVEV3tgTp5oj+8qbEqYM57SLfc74KSbw//4SeJma2LRVIw==}
    engines: {node: ^12 || ^14 || >= 16}
    peerDependencies:
      postcss: ^8.4.21

  postcss-mixins@12.1.2:
    resolution: {integrity: sha512-90pSxmZVfbX9e5xCv7tI5RV1mnjdf16y89CJKbf/hD7GyOz1FCxcYMl8ZYA8Hc56dbApTKKmU9HfvgfWdCxlwg==}
    engines: {node: ^20.0 || ^22.0 || >=24.0}
    peerDependencies:
      postcss: ^8.2.14

  postcss-nested@7.0.2:
    resolution: {integrity: sha512-5osppouFc0VR9/VYzYxO03VaDa3e8F23Kfd6/9qcZTUI8P58GIYlArOET2Wq0ywSl2o2PjELhYOFI4W7l5QHKw==}
    engines: {node: '>=18.0'}
    peerDependencies:
      postcss: ^8.2.14

  postcss-selector-parser@7.1.4:
    resolution: {integrity: sha512-HeP7D2wyhkR+XaK6v4W8oRF62Dsz4flyuczALJp61GckGm42u1saSSJ/0auvcBqxs3jMRFEcPK34At/0JBKdOg==}
    engines: {node: '>=4'}

  postcss-simple-vars@7.0.1:
    resolution: {integrity: sha512-5GLLXaS8qmzHMOjVxqkk1TZPf1jMqesiI7qLhnlyERalG0sMbHIbJqrcnrpmZdKCLglHnRHoEBB61RtGTsj++A==}
    engines: {node: '>=14.0'}
    peerDependencies:
      postcss: ^8.2.1

  postcss@8.5.15:
    resolution: {integrity: sha512-FfR8sjd4em2T6fb3I2MwAJU7HWVMr9zba+enmQeeWFfCbm+UOC/0X4DS8XtpUTMwWMGbjKYP7xjfNekzyGmB3A==}
    engines: {node: ^10 || ^12 || >=14}

  source-map-js@1.2.1:
    resolution: {integrity: sha512-UXWMKhLOwVKb728IUtQPXxfYU+usdybtUrK/8uGE8CQMvrhOpwvzDBwj0QhSL7MQc7vIsISBG8VQ8+IDQxpfQA==}
    engines: {node: '>=0.10.0'}

  sugarss@5.0.1:
    resolution: {integrity: sha512-ctS5RYCBVvPoZAnzIaX5QSShK8ZiZxD5HUqSxlusvEMC+QZQIPCPOIJg6aceFX+K2rf4+SH89eu++h1Zmsr2nw==}
    engines: {node: '>=18.0'}
    peerDependencies:
      postcss: ^8.3.3

  tinyglobby@0.2.17:
    resolution: {integrity: sha512-wXR/dYpcqKmfWpEdZjiKJOwCNFndD0DMnrW/cYjVGttEkBfVgcLFHoNrlj47mjOVic9yyNu65alsgF4NQyTa2g==}
    engines: {node: '>=12.0.0'}

  typescript@6.0.3:
    resolution: {integrity: sha512-y2TvuxSZPDyQakkFRPZHKFm+KKVqIisdg9/CZwm9ftvKXLP8NRWj38/ODjNbr43SsoXqNuAisEf1GdCxqWcdBw==}
    engines: {node: '>=14.17'}
    hasBin: true

  util-deprecate@1.0.2:
    resolution: {integrity: sha512-EPD5q1uXyFxJpCrLnCc1nHnq3gOa6DZBocAIiI2TaSCA7VCJ1UJDMagCzIkXNsUYfD1daK//LTEQ8xiIbrHtcw==}

snapshots:

  camelcase-css@2.0.1: {}

  cssesc@3.0.0: {}

  fdir@6.5.0(picomatch@4.0.4):
    optionalDependencies:
      picomatch: 4.0.4

  nanoid@3.3.15: {}

  picocolors@1.1.1: {}

  picomatch@4.0.4: {}

  postcss-js@4.0.1(postcss@8.5.15):
    dependencies:
      camelcase-css: 2.0.1
      postcss: 8.5.15

  postcss-mixins@12.1.2(postcss@8.5.15):
    dependencies:
      postcss: 8.5.15
      postcss-js: 4.0.1(postcss@8.5.15)
      postcss-simple-vars: 7.0.1(postcss@8.5.15)
      sugarss: 5.0.1(postcss@8.5.15)
      tinyglobby: 0.2.17

  postcss-nested@7.0.2(postcss@8.5.15):
    dependencies:
      postcss: 8.5.15
      postcss-selector-parser: 7.1.4

  postcss-selector-parser@7.1.4:
    dependencies:
      cssesc: 3.0.0
      util-deprecate: 1.0.2

  postcss-simple-vars@7.0.1(postcss@8.5.15):
    dependencies:
      postcss: 8.5.15

  postcss@8.5.15:
    dependencies:
      nanoid: 3.3.15
      picocolors: 1.1.1
      source-map-js: 1.2.1

  source-map-js@1.2.1: {}

  sugarss@5.0.1(postcss@8.5.15):
    dependencies:
      postcss: 8.5.15

  tinyglobby@0.2.17:
    dependencies:
      fdir: 6.5.0(picomatch@4.0.4)
      picomatch: 4.0.4

  typescript@6.0.3: {}

  util-deprecate@1.0.2: {}
